// !$*UTF8*$!
{
	archiveVersion = 1;
	classes = {
	};
	objectVersion = 77;
	objects = {

/* Begin PBXBuildFile section */
		11330683600D1562326A08A8 /* PlanView.swift in Sources */ = {isa = PBXBuildFile; fileRef = 29AB26D831FCAA9E434EF446 /* PlanView.swift */; };
		1471976122373B0F6E8ED156 /* MoonPoolView.swift in Sources */ = {isa = PBXBuildFile; fileRef = 20764D798340D2EDC23A4C3C /* MoonPoolView.swift */; };
		151859FADF94ED715FF06E24 /* HealthRecordService.swift in Sources */ = {isa = PBXBuildFile; fileRef = BAC1F4037C13943824D07CDA /* HealthRecordService.swift */; };
		16ED0F7896A2FAD36B5939C2 /* HealthSyncServiceTests.swift in Sources */ = {isa = PBXBuildFile; fileRef = 841EE3921CF9CBDB405254BD /* HealthSyncServiceTests.swift */; };
		1918069E8E8730A14011ED61 /* APIClient.swift in Sources */ = {isa = PBXBuildFile; fileRef = 0BA2633B9AB5BAD1DCA87C91 /* APIClient.swift */; };
		1CDADF6B377E84B772E9410E /* WorkflowProgressView.swift in Sources */ = {isa = PBXBuildFile; fileRef = 6851FB896836CAA7867C46DB /* WorkflowProgressView.swift */; };
		20A9AD24FFB8D40C8E76EAAE /* ProfileView.swift in Sources */ = {isa = PBXBuildFile; fileRef = A7BED67B18D53E31835E3333 /* ProfileView.swift */; };
		2589AF44797E8DA00A76D650 /* SSEClientTests.swift in Sources */ = {isa = PBXBuildFile; fileRef = 4DCC698B79BA3EF32B76C0B1 /* SSEClientTests.swift */; };
		2A00DDE5A5E12CEFC5E7B549 /* ServicesView.swift in Sources */ = {isa = PBXBuildFile; fileRef = 55C8C1836E4F6EE5CC2B46F9 /* ServicesView.swift */; };
		2AE2A912CAAD573B45256784 /* AuthSession.swift in Sources */ = {isa = PBXBuildFile; fileRef = B1F4E5EAF49738BD36789745 /* AuthSession.swift */; };
		468D7238D05708B284097C79 /* EventWorkflowService.swift in Sources */ = {isa = PBXBuildFile; fileRef = 8CE8A7CEFBC2195F4E436AAB /* EventWorkflowService.swift */; };
		4B3A1D4C1949B7226F0C6D3E /* ConversationService.swift in Sources */ = {isa = PBXBuildFile; fileRef = AEA43392D4DA6675F14869AD /* ConversationService.swift */; };
		4E39B196FAD1C25A0EC5F1E8 /* PatientService.swift in Sources */ = {isa = PBXBuildFile; fileRef = 890C11492D39E9A37290A3EA /* PatientService.swift */; };
		538A848F5ACEF03E2070427C /* DocumentService.swift in Sources */ = {isa = PBXBuildFile; fileRef = 1192C733231C28EA5A737433 /* DocumentService.swift */; };
		591B1089B73C25BD33CC65EC /* TaskService.swift in Sources */ = {isa = PBXBuildFile; fileRef = 18C97E737A592DBB898C4820 /* TaskService.swift */; };
		592FB91C4F9554C3349F0A28 /* TokenStore.swift in Sources */ = {isa = PBXBuildFile; fileRef = 65A458DDD7C4E3C310522E96 /* TokenStore.swift */; };
		5D82F4E011F2AF55D0C7CFAF /* ChatView.swift in Sources */ = {isa = PBXBuildFile; fileRef = F223D55D3B8A1C7783A88B04 /* ChatView.swift */; };
		5DF8A810145FF5D558066312 /* ChangXiApp.swift in Sources */ = {isa = PBXBuildFile; fileRef = 731A3A086370506994AC8F88 /* ChangXiApp.swift */; };
		63AA4B56CF603A81717DF3F8 /* APIClientTests.swift in Sources */ = {isa = PBXBuildFile; fileRef = 8F550F82820E94C1333D0485 /* APIClientTests.swift */; };
		64965D77E04A192584076721 /* SpeechSettingsView.swift in Sources */ = {isa = PBXBuildFile; fileRef = 6493460D83373A02E02A96DE /* SpeechSettingsView.swift */; };
		654DE7D4C46AF0C320DCCB38 /* HealthSyncService.swift in Sources */ = {isa = PBXBuildFile; fileRef = 3E0C7AAAC1FA28C11FEA62ED /* HealthSyncService.swift */; };
		67DAC0DB71E8CC5F807C8898 /* CareTaskView.swift in Sources */ = {isa = PBXBuildFile; fileRef = 4F073322F07A16E62CE50767 /* CareTaskView.swift */; };
		68AD4E2849E1C14C0E948CE5 /* DesignSystem.swift in Sources */ = {isa = PBXBuildFile; fileRef = D867036C4844C8F12B96BB2C /* DesignSystem.swift */; };
		6D7430713156D81B60972C65 /* HealthView.swift in Sources */ = {isa = PBXBuildFile; fileRef = 08E5FA717A26759A16C71F0D /* HealthView.swift */; };
		7563DF2103AA4196C6424188 /* RootView.swift in Sources */ = {isa = PBXBuildFile; fileRef = 2C3824DEDD3981FE6DA97E72 /* RootView.swift */; };
		7A8FCD8B78C3F45840352960 /* FlowTests.swift in Sources */ = {isa = PBXBuildFile; fileRef = 6C7B14135E28F14175D3300C /* FlowTests.swift */; };
		7EFA3E40BD6B185627CD02A9 /* AppConfiguration.swift in Sources */ = {isa = PBXBuildFile; fileRef = F0F330F6A0B8CF497797A99A /* AppConfiguration.swift */; };
		8A8B304B206C53C8036CB099 /* MedicationView.swift in Sources */ = {isa = PBXBuildFile; fileRef = 2B20757DA1A199399BD13808 /* MedicationView.swift */; };
		8BF876D48C6489F34D582129 /* DemoAuthView.swift in Sources */ = {isa = PBXBuildFile; fileRef = CDA038C7CD2F42D9A38C5260 /* DemoAuthView.swift */; };
		92276561AF8F7333ABBFCDDA /* ConversationServiceTests.swift in Sources */ = {isa = PBXBuildFile; fileRef = B1E702A1CFE41F3D9F9301AD /* ConversationServiceTests.swift */; };
		99204DF8610195E2BAF03D52 /* Assets.xcassets in Resources */ = {isa = PBXBuildFile; fileRef = 133A8B7073F1580F7C4E77A4 /* Assets.xcassets */; };
		9B73F559BADB9DA0BC254D13 /* XuantongEventConversationService.swift in Sources */ = {isa = PBXBuildFile; fileRef = 6080C289575EC27CE850F6AD /* XuantongEventConversationService.swift */; };
		9F88B57E66BACFD002FF53FC /* SpeechController.swift in Sources */ = {isa = PBXBuildFile; fileRef = 2588A4479B2E405A8E7A7588 /* SpeechController.swift */; };
		A2ABFDD6BC9E9E7791D1AFC0 /* CloudDocumentsView.swift in Sources */ = {isa = PBXBuildFile; fileRef = 28B515CBEC1EC3BBE85F4783 /* CloudDocumentsView.swift */; };
		A30000000000000000000001 /* ConstitutionModel.swift in Sources */ = {isa = PBXBuildFile; fileRef = A10000000000000000000001 /* ConstitutionModel.swift */; };
		A30000000000000000000002 /* ConstitutionViews.swift in Sources */ = {isa = PBXBuildFile; fileRef = A10000000000000000000002 /* ConstitutionViews.swift */; };
		A30000000000000000000003 /* HealthPortraitView.swift in Sources */ = {isa = PBXBuildFile; fileRef = A10000000000000000000003 /* HealthPortraitView.swift */; };
		A30000000000000000000004 /* PainAssessmentForm.swift in Sources */ = {isa = PBXBuildFile; fileRef = A10000000000000000000004 /* PainAssessmentForm.swift */; };
		A30000000000000000000005 /* PainBody3DView.swift in Sources */ = {isa = PBXBuildFile; fileRef = A10000000000000000000005 /* PainBody3DView.swift */; };
		A30000000000000000000006 /* PainLocationView.swift in Sources */ = {isa = PBXBuildFile; fileRef = A10000000000000000000006 /* PainLocationView.swift */; };
		A30000000000000000000007 /* PainRecord.swift in Sources */ = {isa = PBXBuildFile; fileRef = A10000000000000000000007 /* PainRecord.swift */; };
		A30000000000000000000008 /* PainVoiceLocationView.swift in Sources */ = {isa = PBXBuildFile; fileRef = A10000000000000000000008 /* PainVoiceLocationView.swift */; };
		A30000000000000000000009 /* pain-body-v1.json in Resources */ = {isa = PBXBuildFile; fileRef = A10000000000000000000009 /* pain-body-v1.json */; };
		A3000000000000000000000A /* head.usdc in Resources */ = {isa = PBXBuildFile; fileRef = A1000000000000000000000A /* head.usdc */; };
		A3000000000000000000000B /* neck.usdc in Resources */ = {isa = PBXBuildFile; fileRef = A1000000000000000000000B /* neck.usdc */; };
		A3000000000000000000000C /* torso.usdc in Resources */ = {isa = PBXBuildFile; fileRef = A1000000000000000000000C /* torso.usdc */; };
		A3000000000000000000000D /* back.usdc in Resources */ = {isa = PBXBuildFile; fileRef = A1000000000000000000000D /* back.usdc */; };
		A3000000000000000000000E /* arms.usdc in Resources */ = {isa = PBXBuildFile; fileRef = A1000000000000000000000E /* arms.usdc */; };
		A3000000000000000000000F /* legs.usdc in Resources */ = {isa = PBXBuildFile; fileRef = A1000000000000000000000F /* legs.usdc */; };
		A6E0B039F2293B6B00AE53B6 /* SSEClient.swift in Sources */ = {isa = PBXBuildFile; fileRef = 4C6FFB72C2F5DEDD1C5CA7DA /* SSEClient.swift */; };
		ABEDED2AE341E6A4D6894291 /* SpeechTranscriptionService.swift in Sources */ = {isa = PBXBuildFile; fileRef = A789BD8B15D4C0325EA7AA88 /* SpeechTranscriptionService.swift */; };
		AF3002FF126114E59B468672 /* TokenStoreTests.swift in Sources */ = {isa = PBXBuildFile; fileRef = DFA239E5BA681CF90427C1A6 /* TokenStoreTests.swift */; };
		B30000000000000000000001 /* ShiyangModels.swift in Sources */ = {isa = PBXBuildFile; fileRef = B10000000000000000000001 /* ShiyangModels.swift */; };
		B30000000000000000000002 /* ShiyangViews.swift in Sources */ = {isa = PBXBuildFile; fileRef = B10000000000000000000002 /* ShiyangViews.swift */; };
		B30000000000000000000003 /* ShiyangIngredientArtwork.swift in Sources */ = {isa = PBXBuildFile; fileRef = B10000000000000000000003 /* ShiyangIngredientArtwork.swift */; };
		B30000000000000000000004 /* ShiyangRecommendationTests.swift in Sources */ = {isa = PBXBuildFile; fileRef = B10000000000000000000004 /* ShiyangRecommendationTests.swift */; };
		B9DF58F1F8797857458D8997 /* MockURLProtocol.swift in Sources */ = {isa = PBXBuildFile; fileRef = D2221432C46487278E03D736 /* MockURLProtocol.swift */; };
		C0254D1F82DA0CB3C16DB45D /* HomeView.swift in Sources */ = {isa = PBXBuildFile; fileRef = 54357BEF7C54682DEA614395 /* HomeView.swift */; };
		C434FC78DF1B57471C67D6E0 /* PatientServiceTests.swift in Sources */ = {isa = PBXBuildFile; fileRef = FD26349BAD8A4AFB317A9573 /* PatientServiceTests.swift */; };
		C9A756866FDF30F3A809E466 /* AuthService.swift in Sources */ = {isa = PBXBuildFile; fileRef = 74C37ABEF72C83F5AB61307D /* AuthService.swift */; };
		DCBDD77702304D67AB8BF900 /* AppStoreTests.swift in Sources */ = {isa = PBXBuildFile; fileRef = 97FDC4FBE1ED9C2CFED763F0 /* AppStoreTests.swift */; };
		E386228AB3CFB7555B847A9E /* AppStore.swift in Sources */ = {isa = PBXBuildFile; fileRef = EC3BE51D1FA326D5436CA767 /* AppStore.swift */; };
		E623AE534EFCE9E7AE003C16 /* APIError.swift in Sources */ = {isa = PBXBuildFile; fileRef = 92015495D334068A6F9BA4F4 /* APIError.swift */; };
		EB6A9FCA3DDE3602712CBC09 /* ReportImportView.swift in Sources */ = {isa = PBXBuildFile; fileRef = 232F1510C6D03D434451F7BE /* ReportImportView.swift */; };
		ED0BDCC9CD154E2376B5D485 /* ReportView.swift in Sources */ = {isa = PBXBuildFile; fileRef = D07478862A3BDF32AEBCDE7A /* ReportView.swift */; };
		FAC19C63E588C688E13F8C40 /* XuantongConversationServiceTests.swift in Sources */ = {isa = PBXBuildFile; fileRef = A7D2AADB24D75556F8902513 /* XuantongConversationServiceTests.swift */; };
/* End PBXBuildFile section */

/* Begin PBXContainerItemProxy section */
		59735174165C80EEC65E98B5 /* PBXContainerItemProxy */ = {
			isa = PBXContainerItemProxy;
			containerPortal = 84ADB843803484D2AF75B9BD /* Project object */;
			proxyType = 1;
			remoteGlobalIDString = 9FD10A64F51FB0F4CB15C1E6;
			remoteInfo = ChangXi;
		};
		5FB2A27952F8698077F84118 /* PBXContainerItemProxy */ = {
			isa = PBXContainerItemProxy;
			containerPortal = 84ADB843803484D2AF75B9BD /* Project object */;
			proxyType = 1;
			remoteGlobalIDString = 9FD10A64F51FB0F4CB15C1E6;
			remoteInfo = ChangXi;
		};
/* End PBXContainerItemProxy section */

/* Begin PBXFileReference section */
		01FD0C821F671B0408AA4853 /* ChangXiUITests.xctest */ = {isa = PBXFileReference; includeInIndex = 0; lastKnownFileType = wrapper.cfbundle; path = ChangXiUITests.xctest; sourceTree = BUILT_PRODUCTS_DIR; };
		08E5FA717A26759A16C71F0D /* HealthView.swift */ = {isa = PBXFileReference; lastKnownFileType = sourcecode.swift; path = HealthView.swift; sourceTree = "<group>"; };
		0BA2633B9AB5BAD1DCA87C91 /* APIClient.swift */ = {isa = PBXFileReference; lastKnownFileType = sourcecode.swift; path = APIClient.swift; sourceTree = "<group>"; };
		1192C733231C28EA5A737433 /* DocumentService.swift */ = {isa = PBXFileReference; lastKnownFileType = sourcecode.swift; path = DocumentService.swift; sourceTree = "<group>"; };
		133A8B7073F1580F7C4E77A4 /* Assets.xcassets */ = {isa = PBXFileReference; lastKnownFileType = folder.assetcatalog; path = Assets.xcassets; sourceTree = "<group>"; };
		18C97E737A592DBB898C4820 /* TaskService.swift */ = {isa = PBXFileReference; lastKnownFileType = sourcecode.swift; path = TaskService.swift; sourceTree = "<group>"; };
		20764D798340D2EDC23A4C3C /* MoonPoolView.swift */ = {isa = PBXFileReference; lastKnownFileType = sourcecode.swift; path = MoonPoolView.swift; sourceTree = "<group>"; };
		232F1510C6D03D434451F7BE /* ReportImportView.swift */ = {isa = PBXFileReference; lastKnownFileType = sourcecode.swift; path = ReportImportView.swift; sourceTree = "<group>"; };
		2588A4479B2E405A8E7A7588 /* SpeechController.swift */ = {isa = PBXFileReference; lastKnownFileType = sourcecode.swift; path = SpeechController.swift; sourceTree = "<group>"; };
		28B515CBEC1EC3BBE85F4783 /* CloudDocumentsView.swift */ = {isa = PBXFileReference; lastKnownFileType = sourcecode.swift; path = CloudDocumentsView.swift; sourceTree = "<group>"; };
		29AB26D831FCAA9E434EF446 /* PlanView.swift */ = {isa = PBXFileReference; lastKnownFileType = sourcecode.swift; path = PlanView.swift; sourceTree = "<group>"; };
		2B20757DA1A199399BD13808 /* MedicationView.swift */ = {isa = PBXFileReference; lastKnownFileType = sourcecode.swift; path = MedicationView.swift; sourceTree = "<group>"; };
		2C3824DEDD3981FE6DA97E72 /* RootView.swift */ = {isa = PBXFileReference; lastKnownFileType = sourcecode.swift; path = RootView.swift; sourceTree = "<group>"; };
		3E0C7AAAC1FA28C11FEA62ED /* HealthSyncService.swift */ = {isa = PBXFileReference; lastKnownFileType = sourcecode.swift; path = HealthSyncService.swift; sourceTree = "<group>"; };
		450BA6A641C8B04205D7FB51 /* ChangXiTests.xctest */ = {isa = PBXFileReference; includeInIndex = 0; lastKnownFileType = wrapper.cfbundle; path = ChangXiTests.xctest; sourceTree = BUILT_PRODUCTS_DIR; };
		4C6FFB72C2F5DEDD1C5CA7DA /* SSEClient.swift */ = {isa = PBXFileReference; lastKnownFileType = sourcecode.swift; path = SSEClient.swift; sourceTree = "<group>"; };
		4DCC698B79BA3EF32B76C0B1 /* SSEClientTests.swift */ = {isa = PBXFileReference; lastKnownFileType = sourcecode.swift; path = SSEClientTests.swift; sourceTree = "<group>"; };
		4F073322F07A16E62CE50767 /* CareTaskView.swift */ = {isa = PBXFileReference; lastKnownFileType = sourcecode.swift; path = CareTaskView.swift; sourceTree = "<group>"; };
		54357BEF7C54682DEA614395 /* HomeView.swift */ = {isa = PBXFileReference; lastKnownFileType = sourcecode.swift; path = HomeView.swift; sourceTree = "<group>"; };
		55C8C1836E4F6EE5CC2B46F9 /* ServicesView.swift */ = {isa = PBXFileReference; lastKnownFileType = sourcecode.swift; path = ServicesView.swift; sourceTree = "<group>"; };
		6080C289575EC27CE850F6AD /* XuantongEventConversationService.swift */ = {isa = PBXFileReference; lastKnownFileType = sourcecode.swift; path = XuantongEventConversationService.swift; sourceTree = "<group>"; };
		6493460D83373A02E02A96DE /* SpeechSettingsView.swift */ = {isa = PBXFileReference; lastKnownFileType = sourcecode.swift; path = SpeechSettingsView.swift; sourceTree = "<group>"; };
		65A458DDD7C4E3C310522E96 /* TokenStore.swift */ = {isa = PBXFileReference; lastKnownFileType = sourcecode.swift; path = TokenStore.swift; sourceTree = "<group>"; };
		6851FB896836CAA7867C46DB /* WorkflowProgressView.swift */ = {isa = PBXFileReference; lastKnownFileType = sourcecode.swift; path = WorkflowProgressView.swift; sourceTree = "<group>"; };
		6C7B14135E28F14175D3300C /* FlowTests.swift */ = {isa = PBXFileReference; lastKnownFileType = sourcecode.swift; path = FlowTests.swift; sourceTree = "<group>"; };
		731A3A086370506994AC8F88 /* ChangXiApp.swift */ = {isa = PBXFileReference; lastKnownFileType = sourcecode.swift; path = ChangXiApp.swift; sourceTree = "<group>"; };
		74C37ABEF72C83F5AB61307D /* AuthService.swift */ = {isa = PBXFileReference; lastKnownFileType = sourcecode.swift; path = AuthService.swift; sourceTree = "<group>"; };
		841EE3921CF9CBDB405254BD /* HealthSyncServiceTests.swift */ = {isa = PBXFileReference; lastKnownFileType = sourcecode.swift; path = HealthSyncServiceTests.swift; sourceTree = "<group>"; };
		890C11492D39E9A37290A3EA /* PatientService.swift */ = {isa = PBXFileReference; lastKnownFileType = sourcecode.swift; path = PatientService.swift; sourceTree = "<group>"; };
		8BD84ADC226989F2108EFDDF /* ChangXi.app */ = {isa = PBXFileReference; explicitFileType = wrapper.application; includeInIndex = 0; path = ChangXi.app; sourceTree = BUILT_PRODUCTS_DIR; };
		8CE8A7CEFBC2195F4E436AAB /* EventWorkflowService.swift */ = {isa = PBXFileReference; lastKnownFileType = sourcecode.swift; path = EventWorkflowService.swift; sourceTree = "<group>"; };
		8F550F82820E94C1333D0485 /* APIClientTests.swift */ = {isa = PBXFileReference; lastKnownFileType = sourcecode.swift; path = APIClientTests.swift; sourceTree = "<group>"; };
		92015495D334068A6F9BA4F4 /* APIError.swift */ = {isa = PBXFileReference; lastKnownFileType = sourcecode.swift; path = APIError.swift; sourceTree = "<group>"; };
		97FDC4FBE1ED9C2CFED763F0 /* AppStoreTests.swift */ = {isa = PBXFileReference; lastKnownFileType = sourcecode.swift; path = AppStoreTests.swift; sourceTree = "<group>"; };
		A10000000000000000000001 /* ConstitutionModel.swift */ = {isa = PBXFileReference; lastKnownFileType = sourcecode.swift; path = ConstitutionModel.swift; sourceTree = "<group>"; };
		A10000000000000000000002 /* ConstitutionViews.swift */ = {isa = PBXFileReference; lastKnownFileType = sourcecode.swift; path = ConstitutionViews.swift; sourceTree = "<group>"; };
		A10000000000000000000003 /* HealthPortraitView.swift */ = {isa = PBXFileReference; lastKnownFileType = sourcecode.swift; path = HealthPortraitView.swift; sourceTree = "<group>"; };
		A10000000000000000000004 /* PainAssessmentForm.swift */ = {isa = PBXFileReference; lastKnownFileType = sourcecode.swift; path = PainAssessmentForm.swift; sourceTree = "<group>"; };
		A10000000000000000000005 /* PainBody3DView.swift */ = {isa = PBXFileReference; lastKnownFileType = sourcecode.swift; path = PainBody3DView.swift; sourceTree = "<group>"; };
		A10000000000000000000006 /* PainLocationView.swift */ = {isa = PBXFileReference; lastKnownFileType = sourcecode.swift; path = PainLocationView.swift; sourceTree = "<group>"; };
		A10000000000000000000007 /* PainRecord.swift */ = {isa = PBXFileReference; lastKnownFileType = sourcecode.swift; path = PainRecord.swift; sourceTree = "<group>"; };
		A10000000000000000000008 /* PainVoiceLocationView.swift */ = {isa = PBXFileReference; lastKnownFileType = sourcecode.swift; path = PainVoiceLocationView.swift; sourceTree = "<group>"; };
		A10000000000000000000009 /* pain-body-v1.json */ = {isa = PBXFileReference; lastKnownFileType = text.json; path = "pain-body-v1.json"; sourceTree = "<group>"; };
		A1000000000000000000000A /* head.usdc */ = {isa = PBXFileReference; lastKnownFileType = file.usd; path = head.usdc; sourceTree = "<group>"; };
		A1000000000000000000000B /* neck.usdc */ = {isa = PBXFileReference; lastKnownFileType = file.usd; path = neck.usdc; sourceTree = "<group>"; };
		A1000000000000000000000C /* torso.usdc */ = {isa = PBXFileReference; lastKnownFileType = file.usd; path = torso.usdc; sourceTree = "<group>"; };
		A1000000000000000000000D /* back.usdc */ = {isa = PBXFileReference; lastKnownFileType = file.usd; path = back.usdc; sourceTree = "<group>"; };
		A1000000000000000000000E /* arms.usdc */ = {isa = PBXFileReference; lastKnownFileType = file.usd; path = arms.usdc; sourceTree = "<group>"; };
		A1000000000000000000000F /* legs.usdc */ = {isa = PBXFileReference; lastKnownFileType = file.usd; path = legs.usdc; sourceTree = "<group>"; };
		A74865BC3053DF3C0028BC14 /* ios.yml */ = {isa = PBXFileReference; lastKnownFileType = text.yaml; path = ios.yml; sourceTree = "<group>"; };
		A74865BF3053DF3C0028BC14 /* AppConfiguration.swift */ = {isa = PBXFileReference; lastKnownFileType = sourcecode.swift; path = AppConfiguration.swift; sourceTree = "<group>"; };
		A74865C03053DF3C0028BC14 /* ChangXiApp.swift */ = {isa = PBXFileReference; lastKnownFileType = sourcecode.swift; path = ChangXiApp.swift; sourceTree = "<group>"; };
		A74865C13053DF3C0028BC14 /* RootView.swift */ = {isa = PBXFileReference; lastKnownFileType = sourcecode.swift; path = RootView.swift; sourceTree = "<group>"; };
		A74865C33053DF3C0028BC14 /* CloudDocumentsView.swift */ = {isa = PBXFileReference; lastKnownFileType = sourcecode.swift; path = CloudDocumentsView.swift; sourceTree = "<group>"; };
		A74865C43053DF3C0028BC14 /* ReportImportView.swift */ = {isa = PBXFileReference; lastKnownFileType = sourcecode.swift; path = ReportImportView.swift; sourceTree = "<group>"; };
		A74865C63053DF3C0028BC14 /* DesignSystem.swift */ = {isa = PBXFileReference; lastKnownFileType = sourcecode.swift; path = DesignSystem.swift; sourceTree = "<group>"; };
		A74865C73053DF3C0028BC14 /* MoonPoolView.swift */ = {isa = PBXFileReference; lastKnownFileType = sourcecode.swift; path = MoonPoolView.swift; sourceTree = "<group>"; };
		A74865C93053DF3C0028BC14 /* AppStore.swift */ = {isa = PBXFileReference; lastKnownFileType = sourcecode.swift; path = AppStore.swift; sourceTree = "<group>"; };
		A74865CB3053DF3C0028BC14 /* APIClient.swift */ = {isa = PBXFileReference; lastKnownFileType = sourcecode.swift; path = APIClient.swift; sourceTree = "<group>"; };
		A74865CC3053DF3C0028BC14 /* APIError.swift */ = {isa = PBXFileReference; lastKnownFileType = sourcecode.swift; path = APIError.swift; sourceTree = "<group>"; };
		A74865CD3053DF3C0028BC14 /* AuthService.swift */ = {isa = PBXFileReference; lastKnownFileType = sourcecode.swift; path = AuthService.swift; sourceTree = "<group>"; };
		A74865CE3053DF3C0028BC14 /* AuthSession.swift */ = {isa = PBXFileReference; lastKnownFileType = sourcecode.swift; path = AuthSession.swift; sourceTree = "<group>"; };
		A74865CF3053DF3C0028BC14 /* ConversationService.swift */ = {isa = PBXFileReference; lastKnownFileType = sourcecode.swift; path = ConversationService.swift; sourceTree = "<group>"; };
		A74865D03053DF3C0028BC14 /* SSEClient.swift */ = {isa = PBXFileReference; lastKnownFileType = sourcecode.swift; path = SSEClient.swift; sourceTree = "<group>"; };
		A74865D13053DF3C0028BC14 /* TokenStore.swift */ = {isa = PBXFileReference; lastKnownFileType = sourcecode.swift; path = TokenStore.swift; sourceTree = "<group>"; };
		A74865D23053DF3C0028BC14 /* XuantongEventConversationService.swift */ = {isa = PBXFileReference; lastKnownFileType = sourcecode.swift; path = XuantongEventConversationService.swift; sourceTree = "<group>"; };
		A74865D43053DF3C0028BC14 /* DocumentService.swift */ = {isa = PBXFileReference; lastKnownFileType = sourcecode.swift; path = DocumentService.swift; sourceTree = "<group>"; };
		A74865D53053DF3C0028BC14 /* EventWorkflowService.swift */ = {isa = PBXFileReference; lastKnownFileType = sourcecode.swift; path = EventWorkflowService.swift; sourceTree = "<group>"; };
		A74865D63053DF3C0028BC14 /* HealthRecordService.swift */ = {isa = PBXFileReference; lastKnownFileType = sourcecode.swift; path = HealthRecordService.swift; sourceTree = "<group>"; };
		A74865D73053DF3C0028BC14 /* HealthSyncService.swift */ = {isa = PBXFileReference; lastKnownFileType = sourcecode.swift; path = HealthSyncService.swift; sourceTree = "<group>"; };
		A74865D83053DF3C0028BC14 /* PatientService.swift */ = {isa = PBXFileReference; lastKnownFileType = sourcecode.swift; path = PatientService.swift; sourceTree = "<group>"; };
		A74865D93053DF3C0028BC14 /* TaskService.swift */ = {isa = PBXFileReference; lastKnownFileType = sourcecode.swift; path = TaskService.swift; sourceTree = "<group>"; };
		A74865DB3053DF3C0028BC14 /* SpeechController.swift */ = {isa = PBXFileReference; lastKnownFileType = sourcecode.swift; path = SpeechController.swift; sourceTree = "<group>"; };
		A74865DC3053DF3C0028BC14 /* SpeechTranscriptionService.swift */ = {isa = PBXFileReference; lastKnownFileType = sourcecode.swift; path = SpeechTranscriptionService.swift; sourceTree = "<group>"; };
		A74865DF3053DF3C0028BC14 /* ChatView.swift */ = {isa = PBXFileReference; lastKnownFileType = sourcecode.swift; path = ChatView.swift; sourceTree = "<group>"; };
		A74865E13053DF3C0028BC14 /* ConstitutionModel.swift */ = {isa = PBXFileReference; lastKnownFileType = sourcecode.swift; path = ConstitutionModel.swift; sourceTree = "<group>"; };
		A74865E23053DF3C0028BC14 /* ConstitutionViews.swift */ = {isa = PBXFileReference; lastKnownFileType = sourcecode.swift; path = ConstitutionViews.swift; sourceTree = "<group>"; };
		A74865E33053DF3C0028BC14 /* README.md */ = {isa = PBXFileReference; lastKnownFileType = net.daringfireball.markdown; path = README.md; sourceTree = "<group>"; };
		A74865E53053DF3C0028BC14 /* HealthPortraitView.swift */ = {isa = PBXFileReference; lastKnownFileType = sourcecode.swift; path = HealthPortraitView.swift; sourceTree = "<group>"; };
		A74865E63053DF3C0028BC14 /* HealthView.swift */ = {isa = PBXFileReference; lastKnownFileType = sourcecode.swift; path = HealthView.swift; sourceTree = "<group>"; };
		A74865E73053DF3C0028BC14 /* MedicationView.swift */ = {isa = PBXFileReference; lastKnownFileType = sourcecode.swift; path = MedicationView.swift; sourceTree = "<group>"; };
		A74865E83053DF3C0028BC14 /* PlanView.swift */ = {isa = PBXFileReference; lastKnownFileType = sourcecode.swift; path = PlanView.swift; sourceTree = "<group>"; };
		A74865E93053DF3C0028BC14 /* ReportView.swift */ = {isa = PBXFileReference; lastKnownFileType = sourcecode.swift; path = ReportView.swift; sourceTree = "<group>"; };
		A74865EA3053DF3C0028BC14 /* WorkflowProgressView.swift */ = {isa = PBXFileReference; lastKnownFileType = sourcecode.swift; path = WorkflowProgressView.swift; sourceTree = "<group>"; };
		A74865EC3053DF3C0028BC14 /* HomeView.swift */ = {isa = PBXFileReference; lastKnownFileType = sourcecode.swift; path = HomeView.swift; sourceTree = "<group>"; };
		A74865EE3053DF3C0028BC14 /* MEDICAL-DESIGN.md */ = {isa = PBXFileReference; lastKnownFileType = net.daringfireball.markdown; path = "MEDICAL-DESIGN.md"; sourceTree = "<group>"; };
		A74865EF3053DF3C0028BC14 /* PainAssessmentForm.swift */ = {isa = PBXFileReference; lastKnownFileType = sourcecode.swift; path = PainAssessmentForm.swift; sourceTree = "<group>"; };
		A74865F03053DF3C0028BC14 /* PainBody3DView.swift */ = {isa = PBXFileReference; lastKnownFileType = sourcecode.swift; path = PainBody3DView.swift; sourceTree = "<group>"; };
		A74865F13053DF3C0028BC14 /* PainLocationView.swift */ = {isa = PBXFileReference; lastKnownFileType = sourcecode.swift; path = PainLocationView.swift; sourceTree = "<group>"; };
		A74865F23053DF3C0028BC14 /* PainRecord.swift */ = {isa = PBXFileReference; lastKnownFileType = sourcecode.swift; path = PainRecord.swift; sourceTree = "<group>"; };
		A74865F33053DF3C0028BC14 /* PainVoiceLocationView.swift */ = {isa = PBXFileReference; lastKnownFileType = sourcecode.swift; path = PainVoiceLocationView.swift; sourceTree = "<group>"; };
		A74865F43053DF3C0028BC14 /* README.md */ = {isa = PBXFileReference; lastKnownFileType = net.daringfireball.markdown; path = README.md; sourceTree = "<group>"; };
		A74865F63053DF3C0028BC14 /* DemoAuthView.swift */ = {isa = PBXFileReference; lastKnownFileType = sourcecode.swift; path = DemoAuthView.swift; sourceTree = "<group>"; };
		A74865F73053DF3C0028BC14 /* ProfileView.swift */ = {isa = PBXFileReference; lastKnownFileType = sourcecode.swift; path = ProfileView.swift; sourceTree = "<group>"; };
		A74865F83053DF3C0028BC14 /* SpeechSettingsView.swift */ = {isa = PBXFileReference; lastKnownFileType = sourcecode.swift; path = SpeechSettingsView.swift; sourceTree = "<group>"; };
		A74865FA3053DF3C0028BC14 /* CareTaskView.swift */ = {isa = PBXFileReference; lastKnownFileType = sourcecode.swift; path = CareTaskView.swift; sourceTree = "<group>"; };
		A74865FB3053DF3C0028BC14 /* ServicesView.swift */ = {isa = PBXFileReference; lastKnownFileType = sourcecode.swift; path = ServicesView.swift; sourceTree = "<group>"; };
		A74865FD3053DF3C0028BC14 /* ShiyangIngredientArtwork.swift */ = {isa = PBXFileReference; lastKnownFileType = sourcecode.swift; path = ShiyangIngredientArtwork.swift; sourceTree = "<group>"; };
		A74865FE3053DF3C0028BC14 /* ShiyangModels.swift */ = {isa = PBXFileReference; lastKnownFileType = sourcecode.swift; path = ShiyangModels.swift; sourceTree = "<group>"; };
		A74865FF3053DF3C0028BC14 /* ShiyangViews.swift */ = {isa = PBXFileReference; lastKnownFileType = sourcecode.swift; path = ShiyangViews.swift; sourceTree = "<group>"; };
		A74866023053DF3C0028BC14 /* arms.usdc */ = {isa = PBXFileReference; lastKnownFileType = file; path = arms.usdc; sourceTree = "<group>"; };
		A74866033053DF3C0028BC14 /* back.usdc */ = {isa = PBXFileReference; lastKnownFileType = file; path = back.usdc; sourceTree = "<group>"; };
		A74866043053DF3C0028BC14 /* head.usdc */ = {isa = PBXFileReference; lastKnownFileType = file; path = head.usdc; sourceTree = "<group>"; };
		A74866053053DF3C0028BC14 /* legs.usdc */ = {isa = PBXFileReference; lastKnownFileType = file; path = legs.usdc; sourceTree = "<group>"; };
		A74866063053DF3C0028BC14 /* neck.usdc */ = {isa = PBXFileReference; lastKnownFileType = file; path = neck.usdc; sourceTree = "<group>"; };
		A74866073053DF3C0028BC14 /* torso.usdc */ = {isa = PBXFileReference; lastKnownFileType = file; path = torso.usdc; sourceTree = "<group>"; };
		A74866093053DF3C0028BC14 /* MAKEHUMAN-LICENSE.txt */ = {isa = PBXFileReference; lastKnownFileType = text; path = "MAKEHUMAN-LICENSE.txt"; sourceTree = "<group>"; };
		A748660A3053DF3C0028BC14 /* pain-body-v1.json */ = {isa = PBXFileReference; lastKnownFileType = text.json; path = "pain-body-v1.json"; sourceTree = "<group>"; };
		A748660C3053DF3C0028BC14 /* Assets.xcassets */ = {isa = PBXFileReference; lastKnownFileType = folder.assetcatalog; path = Assets.xcassets; sourceTree = "<group>"; };
		A748660F3053DF3C0028BC14 /* ASSET_PROMPTS.md */ = {isa = PBXFileReference; lastKnownFileType = net.daringfireball.markdown; path = ASSET_PROMPTS.md; sourceTree = "<group>"; };
		A74866103053DF3C0028BC14 /* BACKEND_INTEGRATION.md */ = {isa = PBXFileReference; lastKnownFileType = net.daringfireball.markdown; path = BACKEND_INTEGRATION.md; sourceTree = "<group>"; };
		A74866113053DF3C0028BC14 /* DELIVERY.md */ = {isa = PBXFileReference; lastKnownFileType = net.daringfireball.markdown; path = DELIVERY.md; sourceTree = "<group>"; };
		A74866123053DF3C0028BC14 /* FRONTEND_MERGE_REVIEW.md */ = {isa = PBXFileReference; lastKnownFileType = net.daringfireball.markdown; path = FRONTEND_MERGE_REVIEW.md; sourceTree = "<group>"; };
		A74866133053DF3C0028BC14 /* LOCAL_BACKEND.md */ = {isa = PBXFileReference; lastKnownFileType = net.daringfireball.markdown; path = LOCAL_BACKEND.md; sourceTree = "<group>"; };
		A74866143053DF3C0028BC14 /* SHIYANG_ARCHITECTURE.md */ = {isa = PBXFileReference; lastKnownFileType = net.daringfireball.markdown; path = SHIYANG_ARCHITECTURE.md; sourceTree = "<group>"; };
		A74866153053DF3C0028BC14 /* XUANTONG_INTEGRATION.md */ = {isa = PBXFileReference; lastKnownFileType = net.daringfireball.markdown; path = XUANTONG_INTEGRATION.md; sourceTree = "<group>"; };
		A74866173053DF3C0028BC14 /* download_validation.py */ = {isa = PBXFileReference; lastKnownFileType = text.script.python; path = download_validation.py; sourceTree = "<group>"; };
		A74866183053DF3C0028BC14 /* register_sources.py */ = {isa = PBXFileReference; lastKnownFileType = text.script.python; path = register_sources.py; sourceTree = "<group>"; };
		A748661A3053DF3C0028BC14 /* FlowTests.swift */ = {isa = PBXFileReference; lastKnownFileType = sourcecode.swift; path = FlowTests.swift; sourceTree = "<group>"; };
		A748661C3053DF3C0028BC14 /* APIClientTests.swift */ = {isa = PBXFileReference; lastKnownFileType = sourcecode.swift; path = APIClientTests.swift; sourceTree = "<group>"; };
		A748661D3053DF3C0028BC14 /* AppStoreTests.swift */ = {isa = PBXFileReference; lastKnownFileType = sourcecode.swift; path = AppStoreTests.swift; sourceTree = "<group>"; };
		A748661E3053DF3C0028BC14 /* ConversationServiceTests.swift */ = {isa = PBXFileReference; lastKnownFileType = sourcecode.swift; path = ConversationServiceTests.swift; sourceTree = "<group>"; };
		A748661F3053DF3C0028BC14 /* HealthSyncServiceTests.swift */ = {isa = PBXFileReference; lastKnownFileType = sourcecode.swift; path = HealthSyncServiceTests.swift; sourceTree = "<group>"; };
		A74866203053DF3C0028BC14 /* MockURLProtocol.swift */ = {isa = PBXFileReference; lastKnownFileType = sourcecode.swift; path = MockURLProtocol.swift; sourceTree = "<group>"; };
		A74866213053DF3C0028BC14 /* PatientServiceTests.swift */ = {isa = PBXFileReference; lastKnownFileType = sourcecode.swift; path = PatientServiceTests.swift; sourceTree = "<group>"; };
		A74866223053DF3C0028BC14 /* ShiyangRecommendationTests.swift */ = {isa = PBXFileReference; lastKnownFileType = sourcecode.swift; path = ShiyangRecommendationTests.swift; sourceTree = "<group>"; };
		A74866233053DF3C0028BC14 /* SSEClientTests.swift */ = {isa = PBXFileReference; lastKnownFileType = sourcecode.swift; path = SSEClientTests.swift; sourceTree = "<group>"; };
		A74866243053DF3C0028BC14 /* TokenStoreTests.swift */ = {isa = PBXFileReference; lastKnownFileType = sourcecode.swift; path = TokenStoreTests.swift; sourceTree = "<group>"; };
		A74866253053DF3C0028BC14 /* XuantongConversationServiceTests.swift */ = {isa = PBXFileReference; lastKnownFileType = sourcecode.swift; path = XuantongConversationServiceTests.swift; sourceTree = "<group>"; };
		A74866283053DF3C0028BC14 /* audit_z_anatomy.py */ = {isa = PBXFileReference; lastKnownFileType = text.script.python; path = audit_z_anatomy.py; sourceTree = "<group>"; };
		A74866293053DF3C0028BC14 /* export_human_atlas.py */ = {isa = PBXFileReference; lastKnownFileType = text.script.python; path = export_human_atlas.py; sourceTree = "<group>"; };
		A748662A3053DF3C0028BC14 /* export_z_anatomy.py */ = {isa = PBXFileReference; lastKnownFileType = text.script.python; path = export_z_anatomy.py; sourceTree = "<group>"; };
		A748662B3053DF3C0028BC14 /* inspect_z_anatomy.py */ = {isa = PBXFileReference; lastKnownFileType = text.script.python; path = inspect_z_anatomy.py; sourceTree = "<group>"; };
		A748662C3053DF3C0028BC14 /* README.md */ = {isa = PBXFileReference; lastKnownFileType = net.daringfireball.markdown; path = README.md; sourceTree = "<group>"; };
		A748662F3053DF3C0028BC14 /* .gitignore */ = {isa = PBXFileReference; lastKnownFileType = text; path = .gitignore; sourceTree = "<group>"; };
		A74866303053DF3C0028BC14 /* ChangXi.xcodeproj */ = {isa = PBXFileReference; lastKnownFileType = "wrapper.pb-project"; path = ChangXi.xcodeproj; sourceTree = "<group>"; };
		A74866313053DF3C0028BC14 /* project.yml */ = {isa = PBXFileReference; lastKnownFileType = text.yaml; path = project.yml; sourceTree = "<group>"; };
		A74866323053DF3C0028BC14 /* README.md */ = {isa = PBXFileReference; lastKnownFileType = net.daringfireball.markdown; path = README.md; sourceTree = "<group>"; };
		A74866333053DF3C0028BC14 /* THIRD_PARTY_NOTICES.md */ = {isa = PBXFileReference; lastKnownFileType = net.daringfireball.markdown; path = THIRD_PARTY_NOTICES.md; sourceTree = "<group>"; };
		A74866353053DF3C0028BC14 /* 2次改版.zip */ = {isa = PBXFileReference; lastKnownFileType = archive.zip; path = "2次改版.zip"; sourceTree = "<group>"; };
		A789BD8B15D4C0325EA7AA88 /* SpeechTranscriptionService.swift */ = {isa = PBXFileReference; lastKnownFileType = sourcecode.swift; path = SpeechTranscriptionService.swift; sourceTree = "<group>"; };
		A7BED67B18D53E31835E3333 /* ProfileView.swift */ = {isa = PBXFileReference; lastKnownFileType = sourcecode.swift; path = ProfileView.swift; sourceTree = "<group>"; };
		A7D2AADB24D75556F8902513 /* XuantongConversationServiceTests.swift */ = {isa = PBXFileReference; lastKnownFileType = sourcecode.swift; path = XuantongConversationServiceTests.swift; sourceTree = "<group>"; };
		AEA43392D4DA6675F14869AD /* ConversationService.swift */ = {isa = PBXFileReference; lastKnownFileType = sourcecode.swift; path = ConversationService.swift; sourceTree = "<group>"; };
		B10000000000000000000001 /* ShiyangModels.swift */ = {isa = PBXFileReference; lastKnownFileType = sourcecode.swift; path = ShiyangModels.swift; sourceTree = "<group>"; };
		B10000000000000000000002 /* ShiyangViews.swift */ = {isa = PBXFileReference; lastKnownFileType = sourcecode.swift; path = ShiyangViews.swift; sourceTree = "<group>"; };
		B10000000000000000000003 /* ShiyangIngredientArtwork.swift */ = {isa = PBXFileReference; lastKnownFileType = sourcecode.swift; path = ShiyangIngredientArtwork.swift; sourceTree = "<group>"; };
		B10000000000000000000004 /* ShiyangRecommendationTests.swift */ = {isa = PBXFileReference; lastKnownFileType = sourcecode.swift; path = ShiyangRecommendationTests.swift; sourceTree = "<group>"; };
		B1E702A1CFE41F3D9F9301AD /* ConversationServiceTests.swift */ = {isa = PBXFileReference; lastKnownFileType = sourcecode.swift; path = ConversationServiceTests.swift; sourceTree = "<group>"; };
		B1F4E5EAF49738BD36789745 /* AuthSession.swift */ = {isa = PBXFileReference; lastKnownFileType = sourcecode.swift; path = AuthSession.swift; sourceTree = "<group>"; };
		BAC1F4037C13943824D07CDA /* HealthRecordService.swift */ = {isa = PBXFileReference; lastKnownFileType = sourcecode.swift; path = HealthRecordService.swift; sourceTree = "<group>"; };
		CDA038C7CD2F42D9A38C5260 /* DemoAuthView.swift */ = {isa = PBXFileReference; lastKnownFileType = sourcecode.swift; path = DemoAuthView.swift; sourceTree = "<group>"; };
		D07478862A3BDF32AEBCDE7A /* ReportView.swift */ = {isa = PBXFileReference; lastKnownFileType = sourcecode.swift; path = ReportView.swift; sourceTree = "<group>"; };
		D2221432C46487278E03D736 /* MockURLProtocol.swift */ = {isa = PBXFileReference; lastKnownFileType = sourcecode.swift; path = MockURLProtocol.swift; sourceTree = "<group>"; };
		D867036C4844C8F12B96BB2C /* DesignSystem.swift */ = {isa = PBXFileReference; lastKnownFileType = sourcecode.swift; path = DesignSystem.swift; sourceTree = "<group>"; };
		DFA239E5BA681CF90427C1A6 /* TokenStoreTests.swift */ = {isa = PBXFileReference; lastKnownFileType = sourcecode.swift; path = TokenStoreTests.swift; sourceTree = "<group>"; };
		EC3BE51D1FA326D5436CA767 /* AppStore.swift */ = {isa = PBXFileReference; lastKnownFileType = sourcecode.swift; path = AppStore.swift; sourceTree = "<group>"; };
		F0F330F6A0B8CF497797A99A /* AppConfiguration.swift */ = {isa = PBXFileReference; lastKnownFileType = sourcecode.swift; path = AppConfiguration.swift; sourceTree = "<group>"; };
		F223D55D3B8A1C7783A88B04 /* ChatView.swift */ = {isa = PBXFileReference; lastKnownFileType = sourcecode.swift; path = ChatView.swift; sourceTree = "<group>"; };
		FD26349BAD8A4AFB317A9573 /* PatientServiceTests.swift */ = {isa = PBXFileReference; lastKnownFileType = sourcecode.swift; path = PatientServiceTests.swift; sourceTree = "<group>"; };
/* End PBXFileReference section */

/* Begin PBXGroup section */
		19F671A4161CD4F29A9B9819 /* Features */ = {
			isa = PBXGroup;
			children = (
				60DAD758D181F3C308B03B88 /* Chat */,
				A20000000000000000000001 /* Constitution */,
				9F052B8145A40D40FAB377AA /* Health */,
				2D3648E97F0A5EC44B40F21D /* Home */,
				A20000000000000000000002 /* Pain */,
				D638ECEB9E47553244372459 /* Profile */,
				D09BADAF1A126AA04C2AB6C2 /* Services */,
				B20000000000000000000001 /* Shiyang */,
			);
			path = Features;
			sourceTree = "<group>";
		};
		2D3648E97F0A5EC44B40F21D /* Home */ = {
			isa = PBXGroup;
			children = (
				54357BEF7C54682DEA614395 /* HomeView.swift */,
			);
			path = Home;
			sourceTree = "<group>";
		};
		34A8F6CD26716D9A1085C2E9 /* Models */ = {
			isa = PBXGroup;
			children = (
				EC3BE51D1FA326D5436CA767 /* AppStore.swift */,
			);
			path = Models;
			sourceTree = "<group>";
		};
		351A79D2E937FFC8280AE983 /* Products */ = {
			isa = PBXGroup;
			children = (
				8BD84ADC226989F2108EFDDF /* ChangXi.app */,
				450BA6A641C8B04205D7FB51 /* ChangXiTests.xctest */,
				01FD0C821F671B0408AA4853 /* ChangXiUITests.xctest */,
			);
			name = Products;
			sourceTree = "<group>";
		};
		444C6CFB82554F8C8291F718 /* Design */ = {
			isa = PBXGroup;
			children = (
				D867036C4844C8F12B96BB2C /* DesignSystem.swift */,
				20764D798340D2EDC23A4C3C /* MoonPoolView.swift */,
			);
			path = Design;
			sourceTree = "<group>";
		};
		4E36014F2A07EE7FF5C40D8B /* App */ = {
			isa = PBXGroup;
			children = (
				F0F330F6A0B8CF497797A99A /* AppConfiguration.swift */,
				731A3A086370506994AC8F88 /* ChangXiApp.swift */,
				2C3824DEDD3981FE6DA97E72 /* RootView.swift */,
			);
			path = App;
			sourceTree = "<group>";
		};
		58BB0BE90347E268D443E083 = {
			isa = PBXGroup;
			children = (
				A74866363053DF3C0028BC14 /* 未命名文件夹 */,
				AE01AF899F11E5D979BC2929 /* ChangXi */,
				BC81214C7436FE8230AC030D /* UI */,
				A95EBE324650F2F05A53D730 /* Unit */,
				351A79D2E937FFC8280AE983 /* Products */,
			);
			sourceTree = "<group>";
		};
		60DAD758D181F3C308B03B88 /* Chat */ = {
			isa = PBXGroup;
			children = (
				F223D55D3B8A1C7783A88B04 /* ChatView.swift */,
			);
			path = Chat;
			sourceTree = "<group>";
		};
		7D1D21502180D6DB1BAB54D1 /* Networking */ = {
			isa = PBXGroup;
			children = (
				0BA2633B9AB5BAD1DCA87C91 /* APIClient.swift */,
				92015495D334068A6F9BA4F4 /* APIError.swift */,
				74C37ABEF72C83F5AB61307D /* AuthService.swift */,
				B1F4E5EAF49738BD36789745 /* AuthSession.swift */,
				AEA43392D4DA6675F14869AD /* ConversationService.swift */,
				4C6FFB72C2F5DEDD1C5CA7DA /* SSEClient.swift */,
				65A458DDD7C4E3C310522E96 /* TokenStore.swift */,
				6080C289575EC27CE850F6AD /* XuantongEventConversationService.swift */,
			);
			path = Networking;
			sourceTree = "<group>";
		};
		94518A35A829065BAE5050D7 /* Speech */ = {
			isa = PBXGroup;
			children = (
				2588A4479B2E405A8E7A7588 /* SpeechController.swift */,
				A789BD8B15D4C0325EA7AA88 /* SpeechTranscriptionService.swift */,
			);
			path = Speech;
			sourceTree = "<group>";
		};
		9F052B8145A40D40FAB377AA /* Health */ = {
			isa = PBXGroup;
			children = (
				A10000000000000000000003 /* HealthPortraitView.swift */,
				08E5FA717A26759A16C71F0D /* HealthView.swift */,
				2B20757DA1A199399BD13808 /* MedicationView.swift */,
				29AB26D831FCAA9E434EF446 /* PlanView.swift */,
				D07478862A3BDF32AEBCDE7A /* ReportView.swift */,
				6851FB896836CAA7867C46DB /* WorkflowProgressView.swift */,
			);
			path = Health;
			sourceTree = "<group>";
		};
		A20000000000000000000001 /* Constitution */ = {
			isa = PBXGroup;
			children = (
				A10000000000000000000001 /* ConstitutionModel.swift */,
				A10000000000000000000002 /* ConstitutionViews.swift */,
			);
			path = Constitution;
			sourceTree = "<group>";
		};
		A20000000000000000000002 /* Pain */ = {
			isa = PBXGroup;
			children = (
				A10000000000000000000004 /* PainAssessmentForm.swift */,
				A10000000000000000000005 /* PainBody3DView.swift */,
				A10000000000000000000006 /* PainLocationView.swift */,
				A10000000000000000000007 /* PainRecord.swift */,
				A10000000000000000000008 /* PainVoiceLocationView.swift */,
			);
			path = Pain;
			sourceTree = "<group>";
		};
		A20000000000000000000003 /* PainModels */ = {
			isa = PBXGroup;
			children = (
				A20000000000000000000004 /* Anatomy */,
				A10000000000000000000009 /* pain-body-v1.json */,
			);
			path = PainModels;
			sourceTree = "<group>";
		};
		A20000000000000000000004 /* Anatomy */ = {
			isa = PBXGroup;
			children = (
				A1000000000000000000000A /* head.usdc */,
				A1000000000000000000000B /* neck.usdc */,
				A1000000000000000000000C /* torso.usdc */,
				A1000000000000000000000D /* back.usdc */,
				A1000000000000000000000E /* arms.usdc */,
				A1000000000000000000000F /* legs.usdc */,
			);
			path = Anatomy;
			sourceTree = "<group>";
		};
		A259F4131C1D89CFB0F209C1 /* Resources */ = {
			isa = PBXGroup;
			children = (
				133A8B7073F1580F7C4E77A4 /* Assets.xcassets */,
				A20000000000000000000003 /* PainModels */,
			);
			path = Resources;
			sourceTree = "<group>";
		};
		A74865BD3053DF3C0028BC14 /* workflows */ = {
			isa = PBXGroup;
			children = (
				A74865BC3053DF3C0028BC14 /* ios.yml */,
			);
			path = workflows;
			sourceTree = "<group>";
		};
		A74865BE3053DF3C0028BC14 /* .github */ = {
			isa = PBXGroup;
			children = (
				A74865BD3053DF3C0028BC14 /* workflows */,
			);
			path = .github;
			sourceTree = "<group>";
		};
		A74865C23053DF3C0028BC14 /* App */ = {
			isa = PBXGroup;
			children = (
				A74865BF3053DF3C0028BC14 /* AppConfiguration.swift */,
				A74865C03053DF3C0028BC14 /* ChangXiApp.swift */,
				A74865C13053DF3C0028BC14 /* RootView.swift */,
			);
			path = App;
			sourceTree = "<group>";
		};
		A74865C53053DF3C0028BC14 /* Camera */ = {
			isa = PBXGroup;
			children = (
				A74865C33053DF3C0028BC14 /* CloudDocumentsView.swift */,
				A74865C43053DF3C0028BC14 /* ReportImportView.swift */,
			);
			path = Camera;
			sourceTree = "<group>";
		};
		A74865C83053DF3C0028BC14 /* Design */ = {
			isa = PBXGroup;
			children = (
				A74865C63053DF3C0028BC14 /* DesignSystem.swift */,
				A74865C73053DF3C0028BC14 /* MoonPoolView.swift */,
			);
			path = Design;
			sourceTree = "<group>";
		};
		A74865CA3053DF3C0028BC14 /* Models */ = {
			isa = PBXGroup;
			children = (
				A74865C93053DF3C0028BC14 /* AppStore.swift */,
			);
			path = Models;
			sourceTree = "<group>";
		};
		A74865D33053DF3C0028BC14 /* Networking */ = {
			isa = PBXGroup;
			children = (
				A74865CB3053DF3C0028BC14 /* APIClient.swift */,
				A74865CC3053DF3C0028BC14 /* APIError.swift */,
				A74865CD3053DF3C0028BC14 /* AuthService.swift */,
				A74865CE3053DF3C0028BC14 /* AuthSession.swift */,
				A74865CF3053DF3C0028BC14 /* ConversationService.swift */,
				A74865D03053DF3C0028BC14 /* SSEClient.swift */,
				A74865D13053DF3C0028BC14 /* TokenStore.swift */,
				A74865D23053DF3C0028BC14 /* XuantongEventConversationService.swift */,
			);
			path = Networking;
			sourceTree = "<group>";
		};
		A74865DA3053DF3C0028BC14 /* Services */ = {
			isa = PBXGroup;
			children = (
				A74865D43053DF3C0028BC14 /* DocumentService.swift */,
				A74865D53053DF3C0028BC14 /* EventWorkflowService.swift */,
				A74865D63053DF3C0028BC14 /* HealthRecordService.swift */,
				A74865D73053DF3C0028BC14 /* HealthSyncService.swift */,
				A74865D83053DF3C0028BC14 /* PatientService.swift */,
				A74865D93053DF3C0028BC14 /* TaskService.swift */,
			);
			path = Services;
			sourceTree = "<group>";
		};
		A74865DD3053DF3C0028BC14 /* Speech */ = {
			isa = PBXGroup;
			children = (
				A74865DB3053DF3C0028BC14 /* SpeechController.swift */,
				A74865DC3053DF3C0028BC14 /* SpeechTranscriptionService.swift */,
			);
			path = Speech;
			sourceTree = "<group>";
		};
		A74865DE3053DF3C0028BC14 /* Core */ = {
			isa = PBXGroup;
			children = (
				A74865C53053DF3C0028BC14 /* Camera */,
				A74865C83053DF3C0028BC14 /* Design */,
				A74865CA3053DF3C0028BC14 /* Models */,
				A74865D33053DF3C0028BC14 /* Networking */,
				A74865DA3053DF3C0028BC14 /* Services */,
				A74865DD3053DF3C0028BC14 /* Speech */,
			);
			path = Core;
			sourceTree = "<group>";
		};
		A74865E03053DF3C0028BC14 /* Chat */ = {
			isa = PBXGroup;
			children = (
				A74865DF3053DF3C0028BC14 /* ChatView.swift */,
			);
			path = Chat;
			sourceTree = "<group>";
		};
		A74865E43053DF3C0028BC14 /* Constitution */ = {
			isa = PBXGroup;
			children = (
				A74865E13053DF3C0028BC14 /* ConstitutionModel.swift */,
				A74865E23053DF3C0028BC14 /* ConstitutionViews.swift */,
				A74865E33053DF3C0028BC14 /* README.md */,
			);
			path = Constitution;
			sourceTree = "<group>";
		};
		A74865EB3053DF3C0028BC14 /* Health */ = {
			isa = PBXGroup;
			children = (
				A74865E53053DF3C0028BC14 /* HealthPortraitView.swift */,
				A74865E63053DF3C0028BC14 /* HealthView.swift */,
				A74865E73053DF3C0028BC14 /* MedicationView.swift */,
				A74865E83053DF3C0028BC14 /* PlanView.swift */,
				A74865E93053DF3C0028BC14 /* ReportView.swift */,
				A74865EA3053DF3C0028BC14 /* WorkflowProgressView.swift */,
			);
			path = Health;
			sourceTree = "<group>";
		};
		A74865ED3053DF3C0028BC14 /* Home */ = {
			isa = PBXGroup;
			children = (
				A74865EC3053DF3C0028BC14 /* HomeView.swift */,
			);
			path = Home;
			sourceTree = "<group>";
		};
		A74865F53053DF3C0028BC14 /* Pain */ = {
			isa = PBXGroup;
			children = (
				A74865EE3053DF3C0028BC14 /* MEDICAL-DESIGN.md */,
				A74865EF3053DF3C0028BC14 /* PainAssessmentForm.swift */,
				A74865F03053DF3C0028BC14 /* PainBody3DView.swift */,
				A74865F13053DF3C0028BC14 /* PainLocationView.swift */,
				A74865F23053DF3C0028BC14 /* PainRecord.swift */,
				A74865F33053DF3C0028BC14 /* PainVoiceLocationView.swift */,
				A74865F43053DF3C0028BC14 /* README.md */,
			);
			path = Pain;
			sourceTree = "<group>";
		};
		A74865F93053DF3C0028BC14 /* Profile */ = {
			isa = PBXGroup;
			children = (
				A74865F63053DF3C0028BC14 /* DemoAuthView.swift */,
				A74865F73053DF3C0028BC14 /* ProfileView.swift */,
				A74865F83053DF3C0028BC14 /* SpeechSettingsView.swift */,
			);
			path = Profile;
			sourceTree = "<group>";
		};
		A74865FC3053DF3C0028BC14 /* Services */ = {
			isa = PBXGroup;
			children = (
				A74865FA3053DF3C0028BC14 /* CareTaskView.swift */,
				A74865FB3053DF3C0028BC14 /* ServicesView.swift */,
			);
			path = Services;
			sourceTree = "<group>";
		};
		A74866003053DF3C0028BC14 /* Shiyang */ = {
			isa = PBXGroup;
			children = (
				A74865FD3053DF3C0028BC14 /* ShiyangIngredientArtwork.swift */,
				A74865FE3053DF3C0028BC14 /* ShiyangModels.swift */,
				A74865FF3053DF3C0028BC14 /* ShiyangViews.swift */,
			);
			path = Shiyang;
			sourceTree = "<group>";
		};
		A74866013053DF3C0028BC14 /* Features */ = {
			isa = PBXGroup;
			children = (
				A74865E03053DF3C0028BC14 /* Chat */,
				A74865E43053DF3C0028BC14 /* Constitution */,
				A74865EB3053DF3C0028BC14 /* Health */,
				A74865ED3053DF3C0028BC14 /* Home */,
				A74865F53053DF3C0028BC14 /* Pain */,
				A74865F93053DF3C0028BC14 /* Profile */,
				A74865FC3053DF3C0028BC14 /* Services */,
				A74866003053DF3C0028BC14 /* Shiyang */,
			);
			path = Features;
			sourceTree = "<group>";
		};
		A74866083053DF3C0028BC14 /* Anatomy */ = {
			isa = PBXGroup;
			children = (
				A74866023053DF3C0028BC14 /* arms.usdc */,
				A74866033053DF3C0028BC14 /* back.usdc */,
				A74866043053DF3C0028BC14 /* head.usdc */,
				A74866053053DF3C0028BC14 /* legs.usdc */,
				A74866063053DF3C0028BC14 /* neck.usdc */,
				A74866073053DF3C0028BC14 /* torso.usdc */,
			);
			path = Anatomy;
			sourceTree = "<group>";
		};
		A748660B3053DF3C0028BC14 /* PainModels */ = {
			isa = PBXGroup;
			children = (
				A74866083053DF3C0028BC14 /* Anatomy */,
				A74866093053DF3C0028BC14 /* MAKEHUMAN-LICENSE.txt */,
				A748660A3053DF3C0028BC14 /* pain-body-v1.json */,
			);
			path = PainModels;
			sourceTree = "<group>";
		};
		A748660D3053DF3C0028BC14 /* Resources */ = {
			isa = PBXGroup;
			children = (
				A748660B3053DF3C0028BC14 /* PainModels */,
				A748660C3053DF3C0028BC14 /* Assets.xcassets */,
			);
			path = Resources;
			sourceTree = "<group>";
		};
		A748660E3053DF3C0028BC14 /* ChangXi */ = {
			isa = PBXGroup;
			children = (
				A74865C23053DF3C0028BC14 /* App */,
				A74865DE3053DF3C0028BC14 /* Core */,
				A74866013053DF3C0028BC14 /* Features */,
				A748660D3053DF3C0028BC14 /* Resources */,
			);
			path = ChangXi;
			sourceTree = "<group>";
		};
		A74866163053DF3C0028BC14 /* docs */ = {
			isa = PBXGroup;
			children = (
				A748660F3053DF3C0028BC14 /* ASSET_PROMPTS.md */,
				A74866103053DF3C0028BC14 /* BACKEND_INTEGRATION.md */,
				A74866113053DF3C0028BC14 /* DELIVERY.md */,
				A74866123053DF3C0028BC14 /* FRONTEND_MERGE_REVIEW.md */,
				A74866133053DF3C0028BC14 /* LOCAL_BACKEND.md */,
				A74866143053DF3C0028BC14 /* SHIYANG_ARCHITECTURE.md */,
				A74866153053DF3C0028BC14 /* XUANTONG_INTEGRATION.md */,
			);
			path = docs;
			sourceTree = "<group>";
		};
		A74866193053DF3C0028BC14 /* scripts */ = {
			isa = PBXGroup;
			children = (
				A74866173053DF3C0028BC14 /* download_validation.py */,
				A74866183053DF3C0028BC14 /* register_sources.py */,
			);
			path = scripts;
			sourceTree = "<group>";
		};
		A748661B3053DF3C0028BC14 /* UI */ = {
			isa = PBXGroup;
			children = (
				A748661A3053DF3C0028BC14 /* FlowTests.swift */,
			);
			path = UI;
			sourceTree = "<group>";
		};
		A74866263053DF3C0028BC14 /* Unit */ = {
			isa = PBXGroup;
			children = (
				A748661C3053DF3C0028BC14 /* APIClientTests.swift */,
				A748661D3053DF3C0028BC14 /* AppStoreTests.swift */,
				A748661E3053DF3C0028BC14 /* ConversationServiceTests.swift */,
				A748661F3053DF3C0028BC14 /* HealthSyncServiceTests.swift */,
				A74866203053DF3C0028BC14 /* MockURLProtocol.swift */,
				A74866213053DF3C0028BC14 /* PatientServiceTests.swift */,
				A74866223053DF3C0028BC14 /* ShiyangRecommendationTests.swift */,
				A74866233053DF3C0028BC14 /* SSEClientTests.swift */,
				A74866243053DF3C0028BC14 /* TokenStoreTests.swift */,
				A74866253053DF3C0028BC14 /* XuantongConversationServiceTests.swift */,
			);
			path = Unit;
			sourceTree = "<group>";
		};
		A74866273053DF3C0028BC14 /* Tests */ = {
			isa = PBXGroup;
			children = (
				A748661B3053DF3C0028BC14 /* UI */,
				A74866263053DF3C0028BC14 /* Unit */,
			);
			path = Tests;
			sourceTree = "<group>";
		};
		A748662D3053DF3C0028BC14 /* AnatomyPipeline */ = {
			isa = PBXGroup;
			children = (
				A74866283053DF3C0028BC14 /* audit_z_anatomy.py */,
				A74866293053DF3C0028BC14 /* export_human_atlas.py */,
				A748662A3053DF3C0028BC14 /* export_z_anatomy.py */,
				A748662B3053DF3C0028BC14 /* inspect_z_anatomy.py */,
				A748662C3053DF3C0028BC14 /* README.md */,
			);
			path = AnatomyPipeline;
			sourceTree = "<group>";
		};
		A748662E3053DF3C0028BC14 /* Tools */ = {
			isa = PBXGroup;
			children = (
				A748662D3053DF3C0028BC14 /* AnatomyPipeline */,
			);
			path = Tools;
			sourceTree = "<group>";
		};
		A74866343053DF3C0028BC14 /* changxi-apple-main */ = {
			isa = PBXGroup;
			children = (
				A74865BE3053DF3C0028BC14 /* .github */,
				A748660E3053DF3C0028BC14 /* ChangXi */,
				A74866163053DF3C0028BC14 /* docs */,
				A74866193053DF3C0028BC14 /* scripts */,
				A74866273053DF3C0028BC14 /* Tests */,
				A748662E3053DF3C0028BC14 /* Tools */,
				A748662F3053DF3C0028BC14 /* .gitignore */,
				A74866303053DF3C0028BC14 /* ChangXi.xcodeproj */,
				A74866313053DF3C0028BC14 /* project.yml */,
				A74866323053DF3C0028BC14 /* README.md */,
				A74866333053DF3C0028BC14 /* THIRD_PARTY_NOTICES.md */,
			);
			path = "changxi-apple-main";
			sourceTree = "<group>";
		};
		A74866363053DF3C0028BC14 /* 未命名文件夹 */ = {
			isa = PBXGroup;
			children = (
				A74866343053DF3C0028BC14 /* changxi-apple-main */,
				A74866353053DF3C0028BC14 /* 2次改版.zip */,
			);
			path = "未命名文件夹";
			sourceTree = "<group>";
		};
		A74866373053DF3C0028BC14 /* Products */ = {
			isa = PBXGroup;
			children = (
			);
			name = Products;
			sourceTree = "<group>";
		};
		A95EBE324650F2F05A53D730 /* Unit */ = {
			isa = PBXGroup;
			children = (
				8F550F82820E94C1333D0485 /* APIClientTests.swift */,
				97FDC4FBE1ED9C2CFED763F0 /* AppStoreTests.swift */,
				B1E702A1CFE41F3D9F9301AD /* ConversationServiceTests.swift */,
				841EE3921CF9CBDB405254BD /* HealthSyncServiceTests.swift */,
				D2221432C46487278E03D736 /* MockURLProtocol.swift */,
				FD26349BAD8A4AFB317A9573 /* PatientServiceTests.swift */,
				4DCC698B79BA3EF32B76C0B1 /* SSEClientTests.swift */,
				DFA239E5BA681CF90427C1A6 /* TokenStoreTests.swift */,
				A7D2AADB24D75556F8902513 /* XuantongConversationServiceTests.swift */,
				B10000000000000000000004 /* ShiyangRecommendationTests.swift */,
			);
			name = Unit;
			path = Tests/Unit;
			sourceTree = "<group>";
		};
		AE01AF899F11E5D979BC2929 /* ChangXi */ = {
			isa = PBXGroup;
			children = (
				4E36014F2A07EE7FF5C40D8B /* App */,
				DF628B4CBA1162E43609D968 /* Core */,
				19F671A4161CD4F29A9B9819 /* Features */,
				A259F4131C1D89CFB0F209C1 /* Resources */,
			);
			path = ChangXi;
			sourceTree = "<group>";
		};
		B20000000000000000000001 /* Shiyang */ = {
			isa = PBXGroup;
			children = (
				B10000000000000000000001 /* ShiyangModels.swift */,
				B10000000000000000000003 /* ShiyangIngredientArtwork.swift */,
				B10000000000000000000002 /* ShiyangViews.swift */,
			);
			path = Shiyang;
			sourceTree = "<group>";
		};
		BC81214C7436FE8230AC030D /* UI */ = {
			isa = PBXGroup;
			children = (
				6C7B14135E28F14175D3300C /* FlowTests.swift */,
			);
			name = UI;
			path = Tests/UI;
			sourceTree = "<group>";
		};
		D09BADAF1A126AA04C2AB6C2 /* Services */ = {
			isa = PBXGroup;
			children = (
				4F073322F07A16E62CE50767 /* CareTaskView.swift */,
				55C8C1836E4F6EE5CC2B46F9 /* ServicesView.swift */,
			);
			path = Services;
			sourceTree = "<group>";
		};
		D638ECEB9E47553244372459 /* Profile */ = {
			isa = PBXGroup;
			children = (
				CDA038C7CD2F42D9A38C5260 /* DemoAuthView.swift */,
				A7BED67B18D53E31835E3333 /* ProfileView.swift */,
				6493460D83373A02E02A96DE /* SpeechSettingsView.swift */,
			);
			path = Profile;
			sourceTree = "<group>";
		};
		DF628B4CBA1162E43609D968 /* Core */ = {
			isa = PBXGroup;
			children = (
				E95D04573286D49D112F2F0B /* Camera */,
				444C6CFB82554F8C8291F718 /* Design */,
				34A8F6CD26716D9A1085C2E9 /* Models */,
				7D1D21502180D6DB1BAB54D1 /* Networking */,
				E0DE05F9DF8E7A6C6FA92929 /* Services */,
				94518A35A829065BAE5050D7 /* Speech */,
			);
			path = Core;
			sourceTree = "<group>";
		};
		E0DE05F9DF8E7A6C6FA92929 /* Services */ = {
			isa = PBXGroup;
			children = (
				1192C733231C28EA5A737433 /* DocumentService.swift */,
				8CE8A7CEFBC2195F4E436AAB /* EventWorkflowService.swift */,
				BAC1F4037C13943824D07CDA /* HealthRecordService.swift */,
				3E0C7AAAC1FA28C11FEA62ED /* HealthSyncService.swift */,
				890C11492D39E9A37290A3EA /* PatientService.swift */,
				18C97E737A592DBB898C4820 /* TaskService.swift */,
			);
			path = Services;
			sourceTree = "<group>";
		};
		E95D04573286D49D112F2F0B /* Camera */ = {
			isa = PBXGroup;
			children = (
				28B515CBEC1EC3BBE85F4783 /* CloudDocumentsView.swift */,
				232F1510C6D03D434451F7BE /* ReportImportView.swift */,
			);
			path = Camera;
			sourceTree = "<group>";
		};
/* End PBXGroup section */

/* Begin PBXNativeTarget section */
		00822C8711EA8BD10D133E25 /* ChangXiUITests */ = {
			isa = PBXNativeTarget;
			buildConfigurationList = 7D6D00B08C5287A25D43A83F /* Build configuration list for PBXNativeTarget "ChangXiUITests" */;
			buildPhases = (
				8F61BA812AB853D2866E1CED /* Sources */,
			);
			buildRules = (
			);
			dependencies = (
				801CBDF0AB8DA5697F678A88 /* PBXTargetDependency */,
			);
			name = ChangXiUITests;
			packageProductDependencies = (
			);
			productName = ChangXiUITests;
			productReference = 01FD0C821F671B0408AA4853 /* ChangXiUITests.xctest */;
			productType = "com.apple.product-type.bundle.ui-testing";
		};
		92189C9C0BED4AF0FB4A5EEB /* ChangXiTests */ = {
			isa = PBXNativeTarget;
			buildConfigurationList = F613BBAFD662C09DBFA068D3 /* Build configuration list for PBXNativeTarget "ChangXiTests" */;
			buildPhases = (
				E97E9C36F1E524B996CCC7AF /* Sources */,
			);
			buildRules = (
			);
			dependencies = (
				D4ABA5793186C8BADDCB36AE /* PBXTargetDependency */,
			);
			name = ChangXiTests;
			packageProductDependencies = (
			);
			productName = ChangXiTests;
			productReference = 450BA6A641C8B04205D7FB51 /* ChangXiTests.xctest */;
			productType = "com.apple.product-type.bundle.unit-test";
		};
		9FD10A64F51FB0F4CB15C1E6 /* ChangXi */ = {
			isa = PBXNativeTarget;
			buildConfigurationList = 0F93D52D7A79E67AD4541161 /* Build configuration list for PBXNativeTarget "ChangXi" */;
			buildPhases = (
				5C0C773E6A29D593D261B4DA /* Sources */,
				386A1E8F8D67FF14EF77DB5F /* Resources */,
			);
			buildRules = (
			);
			dependencies = (
			);
			name = ChangXi;
			packageProductDependencies = (
			);
			productName = ChangXi;
			productReference = 8BD84ADC226989F2108EFDDF /* ChangXi.app */;
			productType = "com.apple.product-type.application";
		};
/* End PBXNativeTarget section */

/* Begin PBXProject section */
		84ADB843803484D2AF75B9BD /* Project object */ = {
			isa = PBXProject;
			attributes = {
				BuildIndependentTargetsInParallel = YES;
				LastUpgradeCheck = 2600;
				TargetAttributes = {
					00822C8711EA8BD10D133E25 = {
						DevelopmentTeam = "";
						ProvisioningStyle = Automatic;
						TestTargetID = 9FD10A64F51FB0F4CB15C1E6;
					};
					92189C9C0BED4AF0FB4A5EEB = {
						DevelopmentTeam = "";
						ProvisioningStyle = Automatic;
					};
					9FD10A64F51FB0F4CB15C1E6 = {
						ProvisioningStyle = Automatic;
					};
				};
			};
			buildConfigurationList = D3729F9F543E0F221D10420B /* Build configuration list for PBXProject "ChangXi" */;
			developmentRegion = en;
			hasScannedForEncodings = 0;
			knownRegions = (
				Base,
				en,
			);
			mainGroup = 58BB0BE90347E268D443E083;
			minimizedProjectReferenceProxies = 1;
			preferredProjectObjectVersion = 77;
			productRefGroup = 351A79D2E937FFC8280AE983 /* Products */;
			projectDirPath = "";
			projectReferences = (
				{
					ProductGroup = A74866373053DF3C0028BC14 /* Products */;
					ProjectRef = A74866303053DF3C0028BC14 /* ChangXi.xcodeproj */;
				},
			);
			projectRoot = "";
			targets = (
				9FD10A64F51FB0F4CB15C1E6 /* ChangXi */,
				92189C9C0BED4AF0FB4A5EEB /* ChangXiTests */,
				00822C8711EA8BD10D133E25 /* ChangXiUITests */,
			);
		};
/* End PBXProject section */

/* Begin PBXResourcesBuildPhase section */
		386A1E8F8D67FF14EF77DB5F /* Resources */ = {
			isa = PBXResourcesBuildPhase;
			buildActionMask = 2147483647;
			files = (
				99204DF8610195E2BAF03D52 /* Assets.xcassets in Resources */,
				A30000000000000000000009 /* pain-body-v1.json in Resources */,
				A3000000000000000000000A /* head.usdc in Resources */,
				A3000000000000000000000B /* neck.usdc in Resources */,
				A3000000000000000000000C /* torso.usdc in Resources */,
				A3000000000000000000000D /* back.usdc in Resources */,
				A3000000000000000000000E /* arms.usdc in Resources */,
				A3000000000000000000000F /* legs.usdc in Resources */,
			);
			runOnlyForDeploymentPostprocessing = 0;
		};
/* End PBXResourcesBuildPhase section */

/* Begin PBXSourcesBuildPhase section */
		5C0C773E6A29D593D261B4DA /* Sources */ = {
			isa = PBXSourcesBuildPhase;
			buildActionMask = 2147483647;
			files = (
				A30000000000000000000001 /* ConstitutionModel.swift in Sources */,
				A30000000000000000000002 /* ConstitutionViews.swift in Sources */,
				A30000000000000000000003 /* HealthPortraitView.swift in Sources */,
				A30000000000000000000004 /* PainAssessmentForm.swift in Sources */,
				A30000000000000000000005 /* PainBody3DView.swift in Sources */,
				A30000000000000000000006 /* PainLocationView.swift in Sources */,
				A30000000000000000000007 /* PainRecord.swift in Sources */,
				A30000000000000000000008 /* PainVoiceLocationView.swift in Sources */,
				1918069E8E8730A14011ED61 /* APIClient.swift in Sources */,
				E623AE534EFCE9E7AE003C16 /* APIError.swift in Sources */,
				7EFA3E40BD6B185627CD02A9 /* AppConfiguration.swift in Sources */,
				E386228AB3CFB7555B847A9E /* AppStore.swift in Sources */,
				C9A756866FDF30F3A809E466 /* AuthService.swift in Sources */,
				2AE2A912CAAD573B45256784 /* AuthSession.swift in Sources */,
				67DAC0DB71E8CC5F807C8898 /* CareTaskView.swift in Sources */,
				5DF8A810145FF5D558066312 /* ChangXiApp.swift in Sources */,
				5D82F4E011F2AF55D0C7CFAF /* ChatView.swift in Sources */,
				A2ABFDD6BC9E9E7791D1AFC0 /* CloudDocumentsView.swift in Sources */,
				4B3A1D4C1949B7226F0C6D3E /* ConversationService.swift in Sources */,
				8BF876D48C6489F34D582129 /* DemoAuthView.swift in Sources */,
				68AD4E2849E1C14C0E948CE5 /* DesignSystem.swift in Sources */,
				538A848F5ACEF03E2070427C /* DocumentService.swift in Sources */,
				468D7238D05708B284097C79 /* EventWorkflowService.swift in Sources */,
				151859FADF94ED715FF06E24 /* HealthRecordService.swift in Sources */,
				654DE7D4C46AF0C320DCCB38 /* HealthSyncService.swift in Sources */,
				6D7430713156D81B60972C65 /* HealthView.swift in Sources */,
				C0254D1F82DA0CB3C16DB45D /* HomeView.swift in Sources */,
				8A8B304B206C53C8036CB099 /* MedicationView.swift in Sources */,
				1471976122373B0F6E8ED156 /* MoonPoolView.swift in Sources */,
				4E39B196FAD1C25A0EC5F1E8 /* PatientService.swift in Sources */,
				11330683600D1562326A08A8 /* PlanView.swift in Sources */,
				20A9AD24FFB8D40C8E76EAAE /* ProfileView.swift in Sources */,
				EB6A9FCA3DDE3602712CBC09 /* ReportImportView.swift in Sources */,
				ED0BDCC9CD154E2376B5D485 /* ReportView.swift in Sources */,
				7563DF2103AA4196C6424188 /* RootView.swift in Sources */,
				A6E0B039F2293B6B00AE53B6 /* SSEClient.swift in Sources */,
				2A00DDE5A5E12CEFC5E7B549 /* ServicesView.swift in Sources */,
				9F88B57E66BACFD002FF53FC /* SpeechController.swift in Sources */,
				64965D77E04A192584076721 /* SpeechSettingsView.swift in Sources */,
				ABEDED2AE341E6A4D6894291 /* SpeechTranscriptionService.swift in Sources */,
				591B1089B73C25BD33CC65EC /* TaskService.swift in Sources */,
				592FB91C4F9554C3349F0A28 /* TokenStore.swift in Sources */,
				1CDADF6B377E84B772E9410E /* WorkflowProgressView.swift in Sources */,
				9B73F559BADB9DA0BC254D13 /* XuantongEventConversationService.swift in Sources */,
				B30000000000000000000001 /* ShiyangModels.swift in Sources */,
				B30000000000000000000002 /* ShiyangViews.swift in Sources */,
				B30000000000000000000003 /* ShiyangIngredientArtwork.swift in Sources */,
			);
			runOnlyForDeploymentPostprocessing = 0;
		};
		8F61BA812AB853D2866E1CED /* Sources */ = {
			isa = PBXSourcesBuildPhase;
			buildActionMask = 2147483647;
			files = (
				7A8FCD8B78C3F45840352960 /* FlowTests.swift in Sources */,
			);
			runOnlyForDeploymentPostprocessing = 0;
		};
		E97E9C36F1E524B996CCC7AF /* Sources */ = {
			isa = PBXSourcesBuildPhase;
			buildActionMask = 2147483647;
			files = (
				63AA4B56CF603A81717DF3F8 /* APIClientTests.swift in Sources */,
				DCBDD77702304D67AB8BF900 /* AppStoreTests.swift in Sources */,
				92276561AF8F7333ABBFCDDA /* ConversationServiceTests.swift in Sources */,
				16ED0F7896A2FAD36B5939C2 /* HealthSyncServiceTests.swift in Sources */,
				B9DF58F1F8797857458D8997 /* MockURLProtocol.swift in Sources */,
				C434FC78DF1B57471C67D6E0 /* PatientServiceTests.swift in Sources */,
				2589AF44797E8DA00A76D650 /* SSEClientTests.swift in Sources */,
				AF3002FF126114E59B468672 /* TokenStoreTests.swift in Sources */,
				FAC19C63E588C688E13F8C40 /* XuantongConversationServiceTests.swift in Sources */,
				B30000000000000000000004 /* ShiyangRecommendationTests.swift in Sources */,
			);
			runOnlyForDeploymentPostprocessing = 0;
		};
/* End PBXSourcesBuildPhase section */

/* Begin PBXTargetDependency section */
		801CBDF0AB8DA5697F678A88 /* PBXTargetDependency */ = {
			isa = PBXTargetDependency;
			target = 9FD10A64F51FB0F4CB15C1E6 /* ChangXi */;
			targetProxy = 5FB2A27952F8698077F84118 /* PBXContainerItemProxy */;
		};
		D4ABA5793186C8BADDCB36AE /* PBXTargetDependency */ = {
			isa = PBXTargetDependency;
			target = 9FD10A64F51FB0F4CB15C1E6 /* ChangXi */;
			targetProxy = 59735174165C80EEC65E98B5 /* PBXContainerItemProxy */;
		};
/* End PBXTargetDependency section */

/* Begin XCBuildConfiguration section */
		295A7E41BC69D9C620F41CCB /* Debug */ = {
			isa = XCBuildConfiguration;
			buildSettings = {
				ALWAYS_SEARCH_USER_PATHS = NO;
				CLANG_ANALYZER_NONNULL = YES;
				CLANG_ANALYZER_NUMBER_OBJECT_CONVERSION = YES_AGGRESSIVE;
				CLANG_CXX_LANGUAGE_STANDARD = "gnu++14";
				CLANG_CXX_LIBRARY = "libc++";
				CLANG_ENABLE_MODULES = YES;
				CLANG_ENABLE_OBJC_ARC = YES;
				CLANG_ENABLE_OBJC_WEAK = YES;
				CLANG_WARN_BLOCK_CAPTURE_AUTORELEASING = YES;
				CLANG_WARN_BOOL_CONVERSION = YES;
				CLANG_WARN_COMMA = YES;
				CLANG_WARN_CONSTANT_CONVERSION = YES;
				CLANG_WARN_DEPRECATED_OBJC_IMPLEMENTATIONS = YES;
				CLANG_WARN_DIRECT_OBJC_ISA_USAGE = YES_ERROR;
				CLANG_WARN_DOCUMENTATION_COMMENTS = YES;
				CLANG_WARN_EMPTY_BODY = YES;
				CLANG_WARN_ENUM_CONVERSION = YES;
				CLANG_WARN_INFINITE_RECURSION = YES;
				CLANG_WARN_INT_CONVERSION = YES;
				CLANG_WARN_NON_LITERAL_NULL_CONVERSION = YES;
				CLANG_WARN_OBJC_IMPLICIT_RETAIN_SELF = YES;
				CLANG_WARN_OBJC_LITERAL_CONVERSION = YES;
				CLANG_WARN_OBJC_ROOT_CLASS = YES_ERROR;
				CLANG_WARN_QUOTED_INCLUDE_IN_FRAMEWORK_HEADER = YES;
				CLANG_WARN_RANGE_LOOP_ANALYSIS = YES;
				CLANG_WARN_STRICT_PROTOTYPES = YES;
				CLANG_WARN_SUSPICIOUS_MOVE = YES;
				CLANG_WARN_UNGUARDED_AVAILABILITY = YES_AGGRESSIVE;
				CLANG_WARN_UNREACHABLE_CODE = YES;
				CLANG_WARN__DUPLICATE_METHOD_MATCH = YES;
				CODE_SIGN_STYLE = Automatic;
				COPY_PHASE_STRIP = NO;
				DEBUG_INFORMATION_FORMAT = dwarf;
				DEVELOPMENT_TEAM = "";
				ENABLE_STRICT_OBJC_MSGSEND = YES;
				ENABLE_TESTABILITY = YES;
				GCC_C_LANGUAGE_STANDARD = gnu11;
				GCC_DYNAMIC_NO_PIC = NO;
				GCC_NO_COMMON_BLOCKS = YES;
				GCC_OPTIMIZATION_LEVEL = 0;
				GCC_PREPROCESSOR_DEFINITIONS = (
					"$(inherited)",
					"DEBUG=1",
				);
				GCC_WARN_64_TO_32_BIT_CONVERSION = YES;
				GCC_WARN_ABOUT_RETURN_TYPE = YES_ERROR;
				GCC_WARN_UNDECLARED_SELECTOR = YES;
				GCC_WARN_UNINITIALIZED_AUTOS = YES_AGGRESSIVE;
				GCC_WARN_UNUSED_FUNCTION = YES;
				GCC_WARN_UNUSED_VARIABLE = YES;
				IPHONEOS_DEPLOYMENT_TARGET = 26.0;
				MTL_ENABLE_DEBUG_INFO = INCLUDE_SOURCE;
				MTL_FAST_MATH = YES;
				ONLY_ACTIVE_ARCH = YES;
				PRODUCT_NAME = "$(TARGET_NAME)";
				SDKROOT = iphoneos;
				SWIFT_ACTIVE_COMPILATION_CONDITIONS = DEBUG;
				SWIFT_OPTIMIZATION_LEVEL = "-Onone";
				SWIFT_VERSION = 5.0;
				TARGETED_DEVICE_FAMILY = "1,2";
			};
			name = Debug;
		};
		4F9C87EF9AD118ABC59B249C /* Release */ = {
			isa = XCBuildConfiguration;
			buildSettings = {
				BUNDLE_LOADER = "$(TEST_HOST)";
				GENERATE_INFOPLIST_FILE = YES;
				LD_RUNPATH_SEARCH_PATHS = (
					"$(inherited)",
					"@executable_path/Frameworks",
					"@loader_path/Frameworks",
				);
				PRODUCT_BUNDLE_IDENTIFIER = com.lht.ChangXiTests;
				SDKROOT = iphoneos;
				TARGETED_DEVICE_FAMILY = "1,2";
				TEST_HOST = "$(BUILT_PRODUCTS_DIR)/ChangXi.app/ChangXi";
			};
			name = Release;
		};
		5F28794F5F82DBBD36E51982 /* Debug */ = {
			isa = XCBuildConfiguration;
			buildSettings = {
				BUNDLE_LOADER = "$(TEST_HOST)";
				GENERATE_INFOPLIST_FILE = YES;
				LD_RUNPATH_SEARCH_PATHS = (
					"$(inherited)",
					"@executable_path/Frameworks",
					"@loader_path/Frameworks",
				);
				PRODUCT_BUNDLE_IDENTIFIER = com.lht.ChangXiUITests;
				SDKROOT = iphoneos;
				TARGETED_DEVICE_FAMILY = "1,2";
				TEST_TARGET_NAME = ChangXi;
			};
			name = Debug;
		};
		7D839E329F6D21818E1024ED /* Debug */ = {
			isa = XCBuildConfiguration;
			buildSettings = {
				BUNDLE_LOADER = "$(TEST_HOST)";
				GENERATE_INFOPLIST_FILE = YES;
				LD_RUNPATH_SEARCH_PATHS = (
					"$(inherited)",
					"@executable_path/Frameworks",
					"@loader_path/Frameworks",
				);
				PRODUCT_BUNDLE_IDENTIFIER = com.lht.ChangXiTests;
				SDKROOT = iphoneos;
				TARGETED_DEVICE_FAMILY = "1,2";
				TEST_HOST = "$(BUILT_PRODUCTS_DIR)/ChangXi.app/ChangXi";
			};
			name = Debug;
		};
		AF15A8F909DA0C9E260DDFA2 /* Release */ = {
			isa = XCBuildConfiguration;
			buildSettings = {
				BUNDLE_LOADER = "$(TEST_HOST)";
				GENERATE_INFOPLIST_FILE = YES;
				LD_RUNPATH_SEARCH_PATHS = (
					"$(inherited)",
					"@executable_path/Frameworks",
					"@loader_path/Frameworks",
				);
				PRODUCT_BUNDLE_IDENTIFIER = com.lht.ChangXiUITests;
				SDKROOT = iphoneos;
				TARGETED_DEVICE_FAMILY = "1,2";
				TEST_TARGET_NAME = ChangXi;
			};
			name = Release;
		};
		B6E06236F11C95E7174E8A9F /* Release */ = {
			isa = XCBuildConfiguration;
			buildSettings = {
				ALWAYS_SEARCH_USER_PATHS = NO;
				CLANG_ANALYZER_NONNULL = YES;
				CLANG_ANALYZER_NUMBER_OBJECT_CONVERSION = YES_AGGRESSIVE;
				CLANG_CXX_LANGUAGE_STANDARD = "gnu++14";
				CLANG_CXX_LIBRARY = "libc++";
				CLANG_ENABLE_MODULES = YES;
				CLANG_ENABLE_OBJC_ARC = YES;
				CLANG_ENABLE_OBJC_WEAK = YES;
				CLANG_WARN_BLOCK_CAPTURE_AUTORELEASING = YES;
				CLANG_WARN_BOOL_CONVERSION = YES;
				CLANG_WARN_COMMA = YES;
				CLANG_WARN_CONSTANT_CONVERSION = YES;
				CLANG_WARN_DEPRECATED_OBJC_IMPLEMENTATIONS = YES;
				CLANG_WARN_DIRECT_OBJC_ISA_USAGE = YES_ERROR;
				CLANG_WARN_DOCUMENTATION_COMMENTS = YES;
				CLANG_WARN_EMPTY_BODY = YES;
				CLANG_WARN_ENUM_CONVERSION = YES;
				CLANG_WARN_INFINITE_RECURSION = YES;
				CLANG_WARN_INT_CONVERSION = YES;
				CLANG_WARN_NON_LITERAL_NULL_CONVERSION = YES;
				CLANG_WARN_OBJC_IMPLICIT_RETAIN_SELF = YES;
				CLANG_WARN_OBJC_LITERAL_CONVERSION = YES;
				CLANG_WARN_OBJC_ROOT_CLASS = YES_ERROR;
				CLANG_WARN_QUOTED_INCLUDE_IN_FRAMEWORK_HEADER = YES;
				CLANG_WARN_RANGE_LOOP_ANALYSIS = YES;
				CLANG_WARN_STRICT_PROTOTYPES = YES;
				CLANG_WARN_SUSPICIOUS_MOVE = YES;
				CLANG_WARN_UNGUARDED_AVAILABILITY = YES_AGGRESSIVE;
				CLANG_WARN_UNREACHABLE_CODE = YES;
				CLANG_WARN__DUPLICATE_METHOD_MATCH = YES;
				CODE_SIGN_STYLE = Automatic;
				COPY_PHASE_STRIP = NO;
				DEBUG_INFORMATION_FORMAT = "dwarf-with-dsym";
				DEVELOPMENT_TEAM = "";
				ENABLE_NS_ASSERTIONS = NO;
				ENABLE_STRICT_OBJC_MSGSEND = YES;
				GCC_C_LANGUAGE_STANDARD = gnu11;
				GCC_NO_COMMON_BLOCKS = YES;
				GCC_WARN_64_TO_32_BIT_CONVERSION = YES;
				GCC_WARN_ABOUT_RETURN_TYPE = YES_ERROR;
				GCC_WARN_UNDECLARED_SELECTOR = YES;
				GCC_WARN_UNINITIALIZED_AUTOS = YES_AGGRESSIVE;
				GCC_WARN_UNUSED_FUNCTION = YES;
				GCC_WARN_UNUSED_VARIABLE = YES;
				IPHONEOS_DEPLOYMENT_TARGET = 26.0;
				MTL_ENABLE_DEBUG_INFO = NO;
				MTL_FAST_MATH = YES;
				PRODUCT_NAME = "$(TARGET_NAME)";
				SDKROOT = iphoneos;
				SWIFT_COMPILATION_MODE = wholemodule;
				SWIFT_OPTIMIZATION_LEVEL = "-O";
				SWIFT_VERSION = 5.0;
				TARGETED_DEVICE_FAMILY = "1,2";
			};
			name = Release;
		};
		C0105E0566030FFBDBB35335 /* Release */ = {
			isa = XCBuildConfiguration;
			buildSettings = {
				ASSETCATALOG_COMPILER_APPICON_NAME = AppIcon;
				ASSETCATALOG_COMPILER_GLOBAL_ACCENT_COLOR_NAME = AccentColor;
				CODE_SIGN_IDENTITY = "iPhone Developer";
				CURRENT_PROJECT_VERSION = 2;
				DEVELOPMENT_TEAM = GS4W4V8WL5;
				GENERATE_INFOPLIST_FILE = YES;
				INFOPLIST_KEY_CFBundleDisplayName = "常曦";
				INFOPLIST_KEY_NSAppTransportSecurity_NSAllowsLocalNetworking = YES;
				INFOPLIST_KEY_NSCameraUsageDescription = "常曦仅在你主动拍摄报告或药盒时使用相机。";
				INFOPLIST_KEY_NSLocalNetworkUsageDescription = "常曦仅在你配置局域网玄同服务后连接该服务。";
				INFOPLIST_KEY_NSMicrophoneUsageDescription = "常曦仅在你主动发起语音输入时使用麦克风。";
				INFOPLIST_KEY_NSSpeechRecognitionUsageDescription = "常曦将你主动输入的语音转成可修改的文字。";
				INFOPLIST_KEY_UIApplicationSceneManifest_Generation = YES;
				INFOPLIST_KEY_UILaunchScreen_Generation = YES;
				INFOPLIST_KEY_UISupportedInterfaceOrientations_iPad = "UIInterfaceOrientationPortrait UIInterfaceOrientationPortraitUpsideDown UIInterfaceOrientationLandscapeLeft UIInterfaceOrientationLandscapeRight";
				INFOPLIST_KEY_UISupportedInterfaceOrientations_iPhone = "UIInterfaceOrientationPortrait UIInterfaceOrientationLandscapeLeft UIInterfaceOrientationLandscapeRight";
				IPHONEOS_DEPLOYMENT_TARGET = 26.0;
				LD_RUNPATH_SEARCH_PATHS = (
					"$(inherited)",
					"@executable_path/Frameworks",
				);
				MARKETING_VERSION = 0.2.0;
				PRODUCT_BUNDLE_IDENTIFIER = com.lht.changxi;
				SDKROOT = iphoneos;
				TARGETED_DEVICE_FAMILY = "1,2";
			};
			name = Release;
		};
		C49A16BA2B6B64C6CCA07739 /* Debug */ = {
			isa = XCBuildConfiguration;
			buildSettings = {
				ASSETCATALOG_COMPILER_APPICON_NAME = AppIcon;
				ASSETCATALOG_COMPILER_GLOBAL_ACCENT_COLOR_NAME = AccentColor;
				CODE_SIGN_IDENTITY = "iPhone Developer";
				CURRENT_PROJECT_VERSION = 2;
				DEVELOPMENT_TEAM = GS4W4V8WL5;
				GENERATE_INFOPLIST_FILE = YES;
				INFOPLIST_KEY_CFBundleDisplayName = "常曦";
				INFOPLIST_KEY_NSAppTransportSecurity_NSAllowsLocalNetworking = YES;
				INFOPLIST_KEY_NSCameraUsageDescription = "常曦仅在你主动拍摄报告或药盒时使用相机。";
				INFOPLIST_KEY_NSLocalNetworkUsageDescription = "常曦仅在你配置局域网玄同服务后连接该服务。";
				INFOPLIST_KEY_NSMicrophoneUsageDescription = "常曦仅在你主动发起语音输入时使用麦克风。";
				INFOPLIST_KEY_NSSpeechRecognitionUsageDescription = "常曦将你主动输入的语音转成可修改的文字。";
				INFOPLIST_KEY_UIApplicationSceneManifest_Generation = YES;
				INFOPLIST_KEY_UILaunchScreen_Generation = YES;
				INFOPLIST_KEY_UISupportedInterfaceOrientations_iPad = "UIInterfaceOrientationPortrait UIInterfaceOrientationPortraitUpsideDown UIInterfaceOrientationLandscapeLeft UIInterfaceOrientationLandscapeRight";
				INFOPLIST_KEY_UISupportedInterfaceOrientations_iPhone = "UIInterfaceOrientationPortrait UIInterfaceOrientationLandscapeLeft UIInterfaceOrientationLandscapeRight";
				IPHONEOS_DEPLOYMENT_TARGET = 26.0;
				LD_RUNPATH_SEARCH_PATHS = (
					"$(inherited)",
					"@executable_path/Frameworks",
				);
				MARKETING_VERSION = 0.2.0;
				PRODUCT_BUNDLE_IDENTIFIER = com.lht.changxi;
				SDKROOT = iphoneos;
				TARGETED_DEVICE_FAMILY = "1,2";
			};
			name = Debug;
		};
/* End XCBuildConfiguration section */

/* Begin XCConfigurationList section */
		0F93D52D7A79E67AD4541161 /* Build configuration list for PBXNativeTarget "ChangXi" */ = {
			isa = XCConfigurationList;
			buildConfigurations = (
				C49A16BA2B6B64C6CCA07739 /* Debug */,
				C0105E0566030FFBDBB35335 /* Release */,
			);
			defaultConfigurationIsVisible = 0;
			defaultConfigurationName = Debug;
		};
		7D6D00B08C5287A25D43A83F /* Build configuration list for PBXNativeTarget "ChangXiUITests" */ = {
			isa = XCConfigurationList;
			buildConfigurations = (
				5F28794F5F82DBBD36E51982 /* Debug */,
				AF15A8F909DA0C9E260DDFA2 /* Release */,
			);
			defaultConfigurationIsVisible = 0;
			defaultConfigurationName = Debug;
		};
		D3729F9F543E0F221D10420B /* Build configuration list for PBXProject "ChangXi" */ = {
			isa = XCConfigurationList;
			buildConfigurations = (
				295A7E41BC69D9C620F41CCB /* Debug */,
				B6E06236F11C95E7174E8A9F /* Release */,
			);
			defaultConfigurationIsVisible = 0;
			defaultConfigurationName = Debug;
		};
		F613BBAFD662C09DBFA068D3 /* Build configuration list for PBXNativeTarget "ChangXiTests" */ = {
			isa = XCConfigurationList;
			buildConfigurations = (
				7D839E329F6D21818E1024ED /* Debug */,
				4F9C87EF9AD118ABC59B249C /* Release */,
			);
			defaultConfigurationIsVisible = 0;
			defaultConfigurationName = Debug;
		};
/* End XCConfigurationList section */
	};
	rootObject = 84ADB843803484D2AF75B9BD /* Project object */;
}
